// !$*UTF8*$!
{
	archiveVersion = 1;
	classes = {
	};
	objectVersion = 50;
	objects = {

/* Begin PBXBuildFile section */
		0D2D7AAD2667E3C600AD6452 /* PlateSettingsView.swift in Sources */ = {isa = PBXBuildFile; fileRef = 0D2D7AAC2667E3C600AD6452 /* PlateSettingsView.swift */; };
		0D2D7AB12667E3CD00AD6452 /* PlateView.swift in Sources */ = {isa = PBXBuildFile; fileRef = 0D2D7AAE2667E3CD00AD6452 /* PlateView.swift */; };
		0D2D7AB22667E3CD00AD6452 /* BarbellView.swift in Sources */ = {isa = PBXBuildFile; fileRef = 0D2D7AAF2667E3CD00AD6452 /* BarbellView.swift */; };
		0D2D7AB32667E3CD00AD6452 /* CalculationView.swift in Sources */ = {isa = PBXBuildFile; fileRef = 0D2D7AB02667E3CD00AD6452 /* CalculationView.swift */; };
		0D2D7AB52667E41200AD6452 /* HeaderView.swift in Sources */ = {isa = PBXBuildFile; fileRef = 0D2D7AB42667E41200AD6452 /* HeaderView.swift */; };
		0D90DA7725EF0E2700F2DEB0 /* PlateUtilityTests.swift in Sources */ = {isa = PBXBuildFile; fileRef = 0D90DA7625EF0E2700F2DEB0 /* PlateUtilityTests.swift */; };
		0D997515261FE39B0094F289 /* Assets.xcassets in Resources */ = {isa = PBXBuildFile; fileRef = 0D997514261FE39B0094F289 /* Assets.xcassets */; };
		0D99751C261FE39C0094F289 /* ATPWatch Extension.appex in Embed App Extensions */ = {isa = PBXBuildFile; fileRef = 0D99751B261FE39C0094F289 /* ATPWatch Extension.appex */; settings = {ATTRIBUTES = (RemoveHeadersOnCopy, ); }; };
		0D997521261FE39C0094F289 /* AllThePlatesApp.swift in Sources */ = {isa = PBXBuildFile; fileRef = 0D997520261FE39C0094F289 /* AllThePlatesApp.swift */; };
		0D997523261FE39C0094F289 /* ContentView.swift in Sources */ = {isa = PBXBuildFile; fileRef = 0D997522261FE39C0094F289 /* ContentView.swift */; };
		0D997525261FE39C0094F289 /* NotificationController.swift in Sources */ = {isa = PBXBuildFile; fileRef = 0D997524261FE39C0094F289 /* NotificationController.swift */; };
		0D997527261FE39C0094F289 /* NotificationView.swift in Sources */ = {isa = PBXBuildFile; fileRef = 0D997526261FE39C0094F289 /* NotificationView.swift */; };
		0D997529261FE39C0094F289 /* ComplicationController.swift in Sources */ = {isa = PBXBuildFile; fileRef = 0D997528261FE39C0094F289 /* ComplicationController.swift */; };
		0D99752B261FE39E0094F289 /* Assets.xcassets in Resources */ = {isa = PBXBuildFile; fileRef = 0D99752A261FE39E0094F289 /* Assets.xcassets */; };
		0D99752E261FE39E0094F289 /* Preview Assets.xcassets in Resources */ = {isa = PBXBuildFile; fileRef = 0D99752D261FE39E0094F289 /* Preview Assets.xcassets */; };
		0D997533261FE39E0094F289 /* ATPWatch.app in Embed Watch Content */ = {isa = PBXBuildFile; fileRef = 0D997512261FE3980094F289 /* ATPWatch.app */; settings = {ATTRIBUTES = (RemoveHeadersOnCopy, ); }; };
		0DAD9BA02643377200DED162 /* PlateCalculatorViewModel.swift in Sources */ = {isa = PBXBuildFile; fileRef = 0DAD9B9F2643377200DED162 /* PlateCalculatorViewModel.swift */; };
		0DD7D00D25EC3B440049D6FC /* AllThePlatesApp.swift in Sources */ = {isa = PBXBuildFile; fileRef = 0DD7D00C25EC3B440049D6FC /* AllThePlatesApp.swift */; };
		0DD7D00F25EC3B440049D6FC /* ContentView.swift in Sources */ = {isa = PBXBuildFile; fileRef = 0DD7D00E25EC3B440049D6FC /* ContentView.swift */; };
		0DD7D01125EC3B450049D6FC /* Assets.xcassets in Resources */ = {isa = PBXBuildFile; fileRef = 0DD7D01025EC3B450049D6FC /* Assets.xcassets */; };
		0DD7D01425EC3B450049D6FC /* Preview Assets.xcassets in Resources */ = {isa = PBXBuildFile; fileRef = 0DD7D01325EC3B450049D6FC /* Preview Assets.xcassets */; };
		0DD7D01F25EC3B460049D6FC /* AllThePlatesTests.swift in Sources */ = {isa = PBXBuildFile; fileRef = 0DD7D01E25EC3B460049D6FC /* AllThePlatesTests.swift */; };
		0DD7D02A25EC3B460049D6FC /* AllThePlatesUITests.swift in Sources */ = {isa = PBXBuildFile; fileRef = 0DD7D02925EC3B460049D6FC /* AllThePlatesUITests.swift */; };
		0DED0921262396A80023EF4C /* PlateUtility.swift in Sources */ = {isa = PBXBuildFile; fileRef = 0D0792E7260156BC006DEC8A /* PlateUtility.swift */; };
/* End PBXBuildFile section */

/* Begin PBXContainerItemProxy section */
		0D99751D261FE39C0094F289 /* PBXContainerItemProxy */ = {
			isa = PBXContainerItemProxy;
			containerPortal = 0DD7D00125EC3B440049D6FC /* Project object */;
			proxyType = 1;
			remoteGlobalIDString = 0D99751A261FE39C0094F289;
			remoteInfo = "ATPWatch Extension";
		};
		0D997531261FE39E0094F289 /* PBXContainerItemProxy */ = {
			isa = PBXContainerItemProxy;
			containerPortal = 0DD7D00125EC3B440049D6FC /* Project object */;
			proxyType = 1;
			remoteGlobalIDString = 0D997511261FE3980094F289;
			remoteInfo = ATPWatch;
		};
		0DD7D01B25EC3B460049D6FC /* PBXContainerItemProxy */ = {
			isa = PBXContainerItemProxy;
			containerPortal = 0DD7D00125EC3B440049D6FC /* Project object */;
			proxyType = 1;
			remoteGlobalIDString = 0DD7D00825EC3B440049D6FC;
			remoteInfo = AllThePlates;
		};
		0DD7D02625EC3B460049D6FC /* PBXContainerItemProxy */ = {
			isa = PBXContainerItemProxy;
			containerPortal = 0DD7D00125EC3B440049D6FC /* Project object */;
			proxyType = 1;
			remoteGlobalIDString = 0DD7D00825EC3B440049D6FC;
			remoteInfo = AllThePlates;
		};
/* End PBXContainerItemProxy section */

/* Begin PBXCopyFilesBuildPhase section */
		0D997534261FE39E0094F289 /* Embed Watch Content */ = {
			isa = PBXCopyFilesBuildPhase;
			buildActionMask = 2147483647;
			dstPath = "$(CONTENTS_FOLDER_PATH)/Watch";
			dstSubfolderSpec = 16;
			files = (
				0D997533261FE39E0094F289 /* ATPWatch.app in Embed Watch Content */,
			);
			name = "Embed Watch Content";
			runOnlyForDeploymentPostprocessing = 0;
		};
		0D997537261FE39E0094F289 /* Embed App Extensions */ = {
			isa = PBXCopyFilesBuildPhase;
			buildActionMask = 2147483647;
			dstPath = "";
			dstSubfolderSpec = 13;
			files = (
				0D99751C261FE39C0094F289 /* ATPWatch Extension.appex in Embed App Extensions */,
			);
			name = "Embed App Extensions";
			runOnlyForDeploymentPostprocessing = 0;
		};
/* End PBXCopyFilesBuildPhase section */

/* Begin PBXFileReference section */
		0D0792E7260156BC006DEC8A /* PlateUtility.swift */ = {isa = PBXFileReference; lastKnownFileType = sourcecode.swift; path = PlateUtility.swift; sourceTree = "<group>"; };
		0D2D7AAC2667E3C600AD6452 /* PlateSettingsView.swift */ = {isa = PBXFileReference; fileEncoding = 4; lastKnownFileType = sourcecode.swift; path = PlateSettingsView.swift; sourceTree = "<group>"; };
		0D2D7AAE2667E3CD00AD6452 /* PlateView.swift */ = {isa = PBXFileReference; fileEncoding = 4; lastKnownFileType = sourcecode.swift; path = PlateView.swift; sourceTree = "<group>"; };
		0D2D7AAF2667E3CD00AD6452 /* BarbellView.swift */ = {isa = PBXFileReference; fileEncoding = 4; lastKnownFileType = sourcecode.swift; path = BarbellView.swift; sourceTree = "<group>"; };
		0D2D7AB02667E3CD00AD6452 /* CalculationView.swift */ = {isa = PBXFileReference; fileEncoding = 4; lastKnownFileType = sourcecode.swift; path = CalculationView.swift; sourceTree = "<group>"; };
		0D2D7AB42667E41200AD6452 /* HeaderView.swift */ = {isa = PBXFileReference; fileEncoding = 4; lastKnownFileType = sourcecode.swift; path = HeaderView.swift; sourceTree = "<group>"; };
		0D90DA7625EF0E2700F2DEB0 /* PlateUtilityTests.swift */ = {isa = PBXFileReference; lastKnownFileType = sourcecode.swift; path = PlateUtilityTests.swift; sourceTree = "<group>"; };
		0D997512261FE3980094F289 /* ATPWatch.app */ = {isa = PBXFileReference; explicitFileType = wrapper.application; includeInIndex = 0; path = ATPWatch.app; sourceTree = BUILT_PRODUCTS_DIR; };
		0D997514261FE39B0094F289 /* Assets.xcassets */ = {isa = PBXFileReference; lastKnownFileType = folder.assetcatalog; path = Assets.xcassets; sourceTree = "<group>"; };
		0D997516261FE39B0094F289 /* Info.plist */ = {isa = PBXFileReference; lastKnownFileType = text.plist.xml; path = Info.plist; sourceTree = "<group>"; };
		0D99751B261FE39C0094F289 /* ATPWatch Extension.appex */ = {isa = PBXFileReference; explicitFileType = "wrapper.app-extension"; includeInIndex = 0; path = "ATPWatch Extension.appex"; sourceTree = BUILT_PRODUCTS_DIR; };
		0D997520261FE39C0094F289 /* AllThePlatesApp.swift */ = {isa = PBXFileReference; lastKnownFileType = sourcecode.swift; path = AllThePlatesApp.swift; sourceTree = "<group>"; };
		0D997522261FE39C0094F289 /* ContentView.swift */ = {isa = PBXFileReference; lastKnownFileType = sourcecode.swift; path = ContentView.swift; sourceTree = "<group>"; };
		0D997524261FE39C0094F289 /* NotificationController.swift */ = {isa = PBXFileReference; lastKnownFileType = sourcecode.swift; path = NotificationController.swift; sourceTree = "<group>"; };
		0D997526261FE39C0094F289 /* NotificationView.swift */ = {isa = PBXFileReference; lastKnownFileType = sourcecode.swift; path = NotificationView.swift; sourceTree = "<group>"; };
		0D997528261FE39C0094F289 /* ComplicationController.swift */ = {isa = PBXFileReference; lastKnownFileType = sourcecode.swift; path = ComplicationController.swift; sourceTree = "<group>"; };
		0D99752A261FE39E0094F289 /* Assets.xcassets */ = {isa = PBXFileReference; lastKnownFileType = folder.assetcatalog; path = Assets.xcassets; sourceTree = "<group>"; };
		0D99752D261FE39E0094F289 /* Preview Assets.xcassets */ = {isa = PBXFileReference; lastKnownFileType = folder.assetcatalog; path = "Preview Assets.xcassets"; sourceTree = "<group>"; };
		0D99752F261FE39E0094F289 /* Info.plist */ = {isa = PBXFileReference; lastKnownFileType = text.plist.xml; path = Info.plist; sourceTree = "<group>"; };
		0D997530261FE39E0094F289 /* PushNotificationPayload.apns */ = {isa = PBXFileReference; lastKnownFileType = text; path = PushNotificationPayload.apns; sourceTree = "<group>"; };
		0DAD9B9F2643377200DED162 /* PlateCalculatorViewModel.swift */ = {isa = PBXFileReference; lastKnownFileType = sourcecode.swift; path = PlateCalculatorViewModel.swift; sourceTree = "<group>"; };
		0DD7D00925EC3B440049D6FC /* AllThePlates.app */ = {isa = PBXFileReference; explicitFileType = wrapper.application; includeInIndex = 0; path = AllThePlates.app; sourceTree = BUILT_PRODUCTS_DIR; };
		0DD7D00C25EC3B440049D6FC /* AllThePlatesApp.swift */ = {isa = PBXFileReference; lastKnownFileType = sourcecode.swift; path = AllThePlatesApp.swift; sourceTree = "<group>"; };
		0DD7D00E25EC3B440049D6FC /* ContentView.swift */ = {isa = PBXFileReference; lastKnownFileType = sourcecode.swift; path = ContentView.swift; sourceTree = "<group>"; };
		0DD7D01025EC3B450049D6FC /* Assets.xcassets */ = {isa = PBXFileReference; lastKnownFileType = folder.assetcatalog; path = Assets.xcassets; sourceTree = "<group>"; };
		0DD7D01325EC3B450049D6FC /* Preview Assets.xcassets */ = {isa = PBXFileReference; lastKnownFileType = folder.assetcatalog; path = "Preview Assets.xcassets"; sourceTree = "<group>"; };
		0DD7D01525EC3B450049D6FC /* Info.plist */ = {isa = PBXFileReference; lastKnownFileType = text.plist.xml; path = Info.plist; sourceTree = "<group>"; };
		0DD7D01A25EC3B460049D6FC /* AllThePlatesTests.xctest */ = {isa = PBXFileReference; explicitFileType = wrapper.cfbundle; includeInIndex = 0; path = AllThePlatesTests.xctest; sourceTree = BUILT_PRODUCTS_DIR; };
		0DD7D01E25EC3B460049D6FC /* AllThePlatesTests.swift */ = {isa = PBXFileReference; lastKnownFileType = sourcecode.swift; path = AllThePlatesTests.swift; sourceTree = "<group>"; };
		0DD7D02025EC3B460049D6FC /* Info.plist */ = {isa = PBXFileReference; lastKnownFileType = text.plist.xml; path = Info.plist; sourceTree = "<group>"; };
		0DD7D02525EC3B460049D6FC /* AllThePlatesUITests.xctest */ = {isa = PBXFileReference; explicitFileType = wrapper.cfbundle; includeInIndex = 0; path = AllThePlatesUITests.xctest; sourceTree = BUILT_PRODUCTS_DIR; };
		0DD7D02925EC3B460049D6FC /* AllThePlatesUITests.swift */ = {isa = PBXFileReference; lastKnownFileType = sourcecode.swift; path = AllThePlatesUITests.swift; sourceTree = "<group>"; };
		0DD7D02B25EC3B460049D6FC /* Info.plist */ = {isa = PBXFileReference; lastKnownFileType = text.plist.xml; path = Info.plist; sourceTree = "<group>"; };
/* End PBXFileReference section */

/* Begin PBXFrameworksBuildPhase section */
		0D997518261FE39C0094F289 /* Frameworks */ = {
			isa = PBXFrameworksBuildPhase;
			buildActionMask = 2147483647;
			files = (
			);
			runOnlyForDeploymentPostprocessing = 0;
		};
		0DD7D00625EC3B440049D6FC /* Frameworks */ = {
			isa = PBXFrameworksBuildPhase;
			buildActionMask = 2147483647;
			files = (
			);
			runOnlyForDeploymentPostprocessing = 0;
		};
		0DD7D01725EC3B460049D6FC /* Frameworks */ = {
			isa = PBXFrameworksBuildPhase;
			buildActionMask = 2147483647;
			files = (
			);
			runOnlyForDeploymentPostprocessing = 0;
		};
		0DD7D02225EC3B460049D6FC /* Frameworks */ = {
			isa = PBXFrameworksBuildPhase;
			buildActionMask = 2147483647;
			files = (
			);
			runOnlyForDeploymentPostprocessing = 0;
		};
/* End PBXFrameworksBuildPhase section */

/* Begin PBXGroup section */
		0D36757826489A9A008B4C57 /* Model */ = {
			isa = PBXGroup;
			children = (
				0DAD9B9F2643377200DED162 /* PlateCalculatorViewModel.swift */,
			);
			path = Model;
			sourceTree = "<group>";
		};
		0D6F672E2667E31600698BBC /* View */ = {
			isa = PBXGroup;
			children = (
				0D2D7AB42667E41200AD6452 /* HeaderView.swift */,
				0D6F67312667E33F00698BBC /* Settings */,
				0D6F67302667E33700698BBC /* Barbell Calculator */,
			);
			path = View;
			sourceTree = "<group>";
		};
		0D6F67302667E33700698BBC /* Barbell Calculator */ = {
			isa = PBXGroup;
			children = (
				0D2D7AAF2667E3CD00AD6452 /* BarbellView.swift */,
				0D2D7AB02667E3CD00AD6452 /* CalculationView.swift */,
				0D2D7AAE2667E3CD00AD6452 /* PlateView.swift */,
			);
			path = "Barbell Calculator";
			sourceTree = "<group>";
		};
		0D6F67312667E33F00698BBC /* Settings */ = {
			isa = PBXGroup;
			children = (
				0D2D7AAC2667E3C600AD6452 /* PlateSettingsView.swift */,
			);
			path = Settings;
			sourceTree = "<group>";
		};
		0D997513261FE3980094F289 /* ATPWatch */ = {
			isa = PBXGroup;
			children = (
				0D997514261FE39B0094F289 /* Assets.xcassets */,
				0D997516261FE39B0094F289 /* Info.plist */,
			);
			path = ATPWatch;
			sourceTree = "<group>";
		};
		0D99751F261FE39C0094F289 /* ATPWatch Extension */ = {
			isa = PBXGroup;
			children = (
				0D6F672E2667E31600698BBC /* View */,
				0D36757826489A9A008B4C57 /* Model */,
				0D0792E7260156BC006DEC8A /* PlateUtility.swift */,
				0D997520261FE39C0094F289 /* AllThePlatesApp.swift */,
				0D997522261FE39C0094F289 /* ContentView.swift */,
				0D997524261FE39C0094F289 /* NotificationController.swift */,
				0D997526261FE39C0094F289 /* NotificationView.swift */,
				0D997528261FE39C0094F289 /* ComplicationController.swift */,
				0D99752A261FE39E0094F289 /* Assets.xcassets */,
				0D99752F261FE39E0094F289 /* Info.plist */,
				0D997530261FE39E0094F289 /* PushNotificationPayload.apns */,
				0D99752C261FE39E0094F289 /* Preview Content */,
			);
			path = "ATPWatch Extension";
			sourceTree = "<group>";
		};
		0D99752C261FE39E0094F289 /* Preview Content */ = {
			isa = PBXGroup;
			children = (
				0D99752D261FE39E0094F289 /* Preview Assets.xcassets */,
			);
			path = "Preview Content";
			sourceTree = "<group>";
		};
		0DD7D00025EC3B440049D6FC = {
			isa = PBXGroup;
			children = (
				0DD7D00B25EC3B440049D6FC /* AllThePlates */,
				0DD7D01D25EC3B460049D6FC /* AllThePlatesTests */,
				0DD7D02825EC3B460049D6FC /* AllThePlatesUITests */,
				0D997513261FE3980094F289 /* ATPWatch */,
				0D99751F261FE39C0094F289 /* ATPWatch Extension */,
				0DD7D00A25EC3B440049D6FC /* Products */,
			);
			sourceTree = "<group>";
		};
		0DD7D00A25EC3B440049D6FC /* Products */ = {
			isa = PBXGroup;
			children = (
				0DD7D00925EC3B440049D6FC /* AllThePlates.app */,
				0DD7D01A25EC3B460049D6FC /* AllThePlatesTests.xctest */,
				0DD7D02525EC3B460049D6FC /* AllThePlatesUITests.xctest */,
				0D997512261FE3980094F289 /* ATPWatch.app */,
				0D99751B261FE39C0094F289 /* ATPWatch Extension.appex */,
			);
			name = Products;
			sourceTree = "<group>";
		};
		0DD7D00B25EC3B440049D6FC /* AllThePlates */ = {
			isa = PBXGroup;
			children = (
				0DD7D00C25EC3B440049D6FC /* AllThePlatesApp.swift */,
				0DD7D00E25EC3B440049D6FC /* ContentView.swift */,
				0DD7D01025EC3B450049D6FC /* Assets.xcassets */,
				0DD7D01525EC3B450049D6FC /* Info.plist */,
				0DD7D01225EC3B450049D6FC /* Preview Content */,
			);
			path = AllThePlates;
			sourceTree = "<group>";
		};
		0DD7D01225EC3B450049D6FC /* Preview Content */ = {
			isa = PBXGroup;
			children = (
				0DD7D01325EC3B450049D6FC /* Preview Assets.xcassets */,
			);
			path = "Preview Content";
			sourceTree = "<group>";
		};
		0DD7D01D25EC3B460049D6FC /* AllThePlatesTests */ = {
			isa = PBXGroup;
			children = (
				0DD7D01E25EC3B460049D6FC /* AllThePlatesTests.swift */,
				0DD7D02025EC3B460049D6FC /* Info.plist */,
				0D90DA7625EF0E2700F2DEB0 /* PlateUtilityTests.swift */,
			);
			path = AllThePlatesTests;
			sourceTree = "<group>";
		};
		0DD7D02825EC3B460049D6FC /* AllThePlatesUITests */ = {
			isa = PBXGroup;
			children = (
				0DD7D02925EC3B460049D6FC /* AllThePlatesUITests.swift */,
				0DD7D02B25EC3B460049D6FC /* Info.plist */,
			);
			path = AllThePlatesUITests;
			sourceTree = "<group>";
		};
/* End PBXGroup section */

/* Begin PBXNativeTarget section */
		0D997511261FE3980094F289 /* ATPWatch */ = {
			isa = PBXNativeTarget;
			buildConfigurationList = 0D99753B261FE39E0094F289 /* Build configuration list for PBXNativeTarget "ATPWatch" */;
			buildPhases = (
				0D997510261FE3980094F289 /* Resources */,
				0D997537261FE39E0094F289 /* Embed App Extensions */,
			);
			buildRules = (
			);
			dependencies = (
				0D99751E261FE39C0094F289 /* PBXTargetDependency */,
			);
			name = ATPWatch;
			productName = ATPWatch;
			productReference = 0D997512261FE3980094F289 /* ATPWatch.app */;
			productType = "com.apple.product-type.application.watchapp2";
		};
		0D99751A261FE39C0094F289 /* ATPWatch Extension */ = {
			isa = PBXNativeTarget;
			buildConfigurationList = 0D99753A261FE39E0094F289 /* Build configuration list for PBXNativeTarget "ATPWatch Extension" */;
			buildPhases = (
				0D997517261FE39C0094F289 /* Sources */,
				0D997518261FE39C0094F289 /* Frameworks */,
				0D997519261FE39C0094F289 /* Resources */,
			);
			buildRules = (
			);
			dependencies = (
			);
			name = "ATPWatch Extension";
			productName = "ATPWatch Extension";
			productReference = 0D99751B261FE39C0094F289 /* ATPWatch Extension.appex */;
			productType = "com.apple.product-type.watchkit2-extension";
		};
		0DD7D00825EC3B440049D6FC /* AllThePlates */ = {
			isa = PBXNativeTarget;
			buildConfigurationList = 0DD7D02E25EC3B460049D6FC /* Build configuration list for PBXNativeTarget "AllThePlates" */;
			buildPhases = (
				0DD7D00525EC3B440049D6FC /* Sources */,
				0DD7D00625EC3B440049D6FC /* Frameworks */,
				0DD7D00725EC3B440049D6FC /* Resources */,
				0D997534261FE39E0094F289 /* Embed Watch Content */,
			);
			buildRules = (
			);
			dependencies = (
				0D997532261FE39E0094F289 /* PBXTargetDependency */,
			);
			name = AllThePlates;
			productName = AllThePlates;
			productReference = 0DD7D00925EC3B440049D6FC /* AllThePlates.app */;
			productType = "com.apple.product-type.application";
		};
		0DD7D01925EC3B460049D6FC /* AllThePlatesTests */ = {
			isa = PBXNativeTarget;
			buildConfigurationList = 0DD7D03125EC3B460049D6FC /* Build configuration list for PBXNativeTarget "AllThePlatesTests" */;
			buildPhases = (
				0DD7D01625EC3B460049D6FC /* Sources */,
				0DD7D01725EC3B460049D6FC /* Frameworks */,
				0DD7D01825EC3B460049D6FC /* Resources */,
			);
			buildRules = (
			);
			dependencies = (
				0DD7D01C25EC3B460049D6FC /* PBXTargetDependency */,
			);
			name = AllThePlatesTests;
			productName = AllThePlatesTests;
			productReference = 0DD7D01A25EC3B460049D6FC /* AllThePlatesTests.xctest */;
			productType = "com.apple.product-type.bundle.unit-test";
		};
		0DD7D02425EC3B460049D6FC /* AllThePlatesUITests */ = {
			isa = PBXNativeTarget;
			buildConfigurationList = 0DD7D03425EC3B460049D6FC /* Build configuration list for PBXNativeTarget "AllThePlatesUITests" */;
			buildPhases = (
				0DD7D02125EC3B460049D6FC /* Sources */,
				0DD7D02225EC3B460049D6FC /* Frameworks */,
				0DD7D02325EC3B460049D6FC /* Resources */,
			);
			buildRules = (
			);
			dependencies = (
				0DD7D02725EC3B460049D6FC /* PBXTargetDependency */,
			);
			name = AllThePlatesUITests;
			productName = AllThePlatesUITests;
			productReference = 0DD7D02525EC3B460049D6FC /* AllThePlatesUITests.xctest */;
			productType = "com.apple.product-type.bundle.ui-testing";
		};
/* End PBXNativeTarget section */

/* Begin PBXProject section */
		0DD7D00125EC3B440049D6FC /* Project object */ = {
			isa = PBXProject;
			attributes = {
				LastSwiftUpdateCheck = 1240;
				LastUpgradeCheck = 1240;
				TargetAttributes = {
					0D997511261FE3980094F289 = {
						CreatedOnToolsVersion = 12.4;
					};
					0D99751A261FE39C0094F289 = {
						CreatedOnToolsVersion = 12.4;
					};
					0DD7D00825EC3B440049D6FC = {
						CreatedOnToolsVersion = 12.4;
					};
					0DD7D01925EC3B460049D6FC = {
						CreatedOnToolsVersion = 12.4;
						TestTargetID = 0DD7D00825EC3B440049D6FC;
					};
					0DD7D02425EC3B460049D6FC = {
						CreatedOnToolsVersion = 12.4;
						TestTargetID = 0DD7D00825EC3B440049D6FC;
					};
				};
			};
			buildConfigurationList = 0DD7D00425EC3B440049D6FC /* Build configuration list for PBXProject "AllThePlates" */;
			compatibilityVersion = "Xcode 9.3";
			developmentRegion = en;
			hasScannedForEncodings = 0;
			knownRegions = (
				en,
				Base,
			);
			mainGroup = 0DD7D00025EC3B440049D6FC;
			productRefGroup = 0DD7D00A25EC3B440049D6FC /* Products */;
			projectDirPath = "";
			projectRoot = "";
			targets = (
				0DD7D00825EC3B440049D6FC /* AllThePlates */,
				0DD7D01925EC3B460049D6FC /* AllThePlatesTests */,
				0DD7D02425EC3B460049D6FC /* AllThePlatesUITests */,
				0D997511261FE3980094F289 /* ATPWatch */,
				0D99751A261FE39C0094F289 /* ATPWatch Extension */,
			);
		};
/* End PBXProject section */

/* Begin PBXResourcesBuildPhase section */
		0D997510261FE3980094F289 /* Resources */ = {
			isa = PBXResourcesBuildPhase;
			buildActionMask = 2147483647;
			files = (
				0D997515261FE39B0094F289 /* Assets.xcassets in Resources */,
			);
			runOnlyForDeploymentPostprocessing = 0;
		};
		0D997519261FE39C0094F289 /* Resources */ = {
			isa = PBXResourcesBuildPhase;
			buildActionMask = 2147483647;
			files = (
				0D99752E261FE39E0094F289 /* Preview Assets.xcassets in Resources */,
				0D99752B261FE39E0094F289 /* Assets.xcassets in Resources */,
			);
			runOnlyForDeploymentPostprocessing = 0;
		};
		0DD7D00725EC3B440049D6FC /* Resources */ = {
			isa = PBXResourcesBuildPhase;
			buildActionMask = 2147483647;
			files = (
				0DD7D01425EC3B450049D6FC /* Preview Assets.xcassets in Resources */,
				0DD7D01125EC3B450049D6FC /* Assets.xcassets in Resources */,
			);
			runOnlyForDeploymentPostprocessing = 0;
		};
		0DD7D01825EC3B460049D6FC /* Resources */ = {
			isa = PBXResourcesBuildPhase;
			buildActionMask = 2147483647;
			files = (
			);
			runOnlyForDeploymentPostprocessing = 0;
		};
		0DD7D02325EC3B460049D6FC /* Resources */ = {
			isa = PBXResourcesBuildPhase;
			buildActionMask = 2147483647;
			files = (
			);
			runOnlyForDeploymentPostprocessing = 0;
		};
/* End PBXResourcesBuildPhase section */

/* Begin PBXSourcesBuildPhase section */
		0D997517261FE39C0094F289 /* Sources */ = {
			isa = PBXSourcesBuildPhase;
			buildActionMask = 2147483647;
			files = (
				0D997525261FE39C0094F289 /* NotificationController.swift in Sources */,
				0D997523261FE39C0094F289 /* ContentView.swift in Sources */,
				0D2D7AB12667E3CD00AD6452 /* PlateView.swift in Sources */,
				0DED0921262396A80023EF4C /* PlateUtility.swift in Sources */,
				0DAD9BA02643377200DED162 /* PlateCalculatorViewModel.swift in Sources */,
				0D2D7AAD2667E3C600AD6452 /* PlateSettingsView.swift in Sources */,
				0D2D7AB32667E3CD00AD6452 /* CalculationView.swift in Sources */,
				0D2D7AB52667E41200AD6452 /* HeaderView.swift in Sources */,
				0D997529261FE39C0094F289 /* ComplicationController.swift in Sources */,
				0D2D7AB22667E3CD00AD6452 /* BarbellView.swift in Sources */,
				0D997521261FE39C0094F289 /* AllThePlatesApp.swift in Sources */,
				0D997527261FE39C0094F289 /* NotificationView.swift in Sources */,
			);
			runOnlyForDeploymentPostprocessing = 0;
		};
		0DD7D00525EC3B440049D6FC /* Sources */ = {
			isa = PBXSourcesBuildPhase;
			buildActionMask = 2147483647;
			files = (
				0DD7D00F25EC3B440049D6FC /* ContentView.swift in Sources */,
				0DD7D00D25EC3B440049D6FC /* AllThePlatesApp.swift in Sources */,
			);
			runOnlyForDeploymentPostprocessing = 0;
		};
		0DD7D01625EC3B460049D6FC /* Sources */ = {
			isa = PBXSourcesBuildPhase;
			buildActionMask = 2147483647;
			files = (
				0D90DA7725EF0E2700F2DEB0 /* PlateUtilityTests.swift in Sources */,
				0DD7D01F25EC3B460049D6FC /* AllThePlatesTests.swift in Sources */,
			);
			runOnlyForDeploymentPostprocessing = 0;
		};
		0DD7D02125EC3B460049D6FC /* Sources */ = {
			isa = PBXSourcesBuildPhase;
			buildActionMask = 2147483647;
			files = (
				0DD7D02A25EC3B460049D6FC /* AllThePlatesUITests.swift in Sources */,
			);
			runOnlyForDeploymentPostprocessing = 0;
		};
/* End PBXSourcesBuildPhase section */

/* Begin PBXTargetDependency section */
		0D99751E261FE39C0094F289 /* PBXTargetDependency */ = {
			isa = PBXTargetDependency;
			target = 0D99751A261FE39C0094F289 /* ATPWatch Extension */;
			targetProxy = 0D99751D261FE39C0094F289 /* PBXContainerItemProxy */;
		};
		0D997532261FE39E0094F289 /* PBXTargetDependency */ = {
			isa = PBXTargetDependency;
			target = 0D997511261FE3980094F289 /* ATPWatch */;
			targetProxy = 0D997531261FE39E0094F289 /* PBXContainerItemProxy */;
		};
		0DD7D01C25EC3B460049D6FC /* PBXTargetDependency */ = {
			isa = PBXTargetDependency;
			target = 0DD7D00825EC3B440049D6FC /* AllThePlates */;
			targetProxy = 0DD7D01B25EC3B460049D6FC /* PBXContainerItemProxy */;
		};
		0DD7D02725EC3B460049D6FC /* PBXTargetDependency */ = {
			isa = PBXTargetDependency;
			target = 0DD7D00825EC3B440049D6FC /* AllThePlates */;
			targetProxy = 0DD7D02625EC3B460049D6FC /* PBXContainerItemProxy */;
		};
/* End PBXTargetDependency section */

/* Begin XCBuildConfiguration section */
		0D997535261FE39E0094F289 /* Debug */ = {
			isa = XCBuildConfiguration;
			buildSettings = {
				ALWAYS_EMBED_SWIFT_STANDARD_LIBRARIES = YES;
				ASSETCATALOG_COMPILER_APPICON_NAME = AppIcon;
				ASSETCATALOG_COMPILER_GLOBAL_ACCENT_COLOR_NAME = AccentColor;
				CODE_SIGN_STYLE = Automatic;
				DEVELOPMENT_TEAM = QEN9HFF463;
				IBSC_MODULE = ATPWatch_Extension;
				INFOPLIST_FILE = ATPWatch/Info.plist;
				PRODUCT_BUNDLE_IDENTIFIER = com.rgross.AllThePlates.watchkitapp;
				PRODUCT_NAME = "$(TARGET_NAME)";
				SDKROOT = watchos;
				SKIP_INSTALL = YES;
				SWIFT_VERSION = 5.0;
				TARGETED_DEVICE_FAMILY = 4;
				WATCHOS_DEPLOYMENT_TARGET = 7.2;
			};
			name = Debug;
		};
		0D997536261FE39E0094F289 /* Release */ = {
			isa = XCBuildConfiguration;
			buildSettings = {
				ALWAYS_EMBED_SWIFT_STANDARD_LIBRARIES = YES;
				ASSETCATALOG_COMPILER_APPICON_NAME = AppIcon;
				ASSETCATALOG_COMPILER_GLOBAL_ACCENT_COLOR_NAME = AccentColor;
				CODE_SIGN_STYLE = Automatic;
				DEVELOPMENT_TEAM = QEN9HFF463;
				IBSC_MODULE = ATPWatch_Extension;
				INFOPLIST_FILE = ATPWatch/Info.plist;
				PRODUCT_BUNDLE_IDENTIFIER = com.rgross.AllThePlates.watchkitapp;
				PRODUCT_NAME = "$(TARGET_NAME)";
				SDKROOT = watchos;
				SKIP_INSTALL = YES;
				SWIFT_VERSION = 5.0;
				TARGETED_DEVICE_FAMILY = 4;
				WATCHOS_DEPLOYMENT_TARGET = 7.2;
			};
			name = Release;
		};
		0D997538261FE39E0094F289 /* Debug */ = {
			isa = XCBuildConfiguration;
			buildSettings = {
				ASSETCATALOG_COMPILER_COMPLICATION_NAME = Complication;
				CODE_SIGN_STYLE = Automatic;
				DEVELOPMENT_ASSET_PATHS = "\"ATPWatch Extension/Preview Content\"";
				DEVELOPMENT_TEAM = QEN9HFF463;
				ENABLE_PREVIEWS = YES;
				INFOPLIST_FILE = "ATPWatch Extension/Info.plist";
				LD_RUNPATH_SEARCH_PATHS = (
					"$(inherited)",
					"@executable_path/Frameworks",
					"@executable_path/../../Frameworks",
				);
				PRODUCT_BUNDLE_IDENTIFIER = com.rgross.AllThePlates.watchkitapp.watchkitextension;
				PRODUCT_NAME = "${TARGET_NAME}";
				SDKROOT = watchos;
				SKIP_INSTALL = YES;
				SWIFT_VERSION = 5.0;
				TARGETED_DEVICE_FAMILY = 4;
				WATCHOS_DEPLOYMENT_TARGET = 7.2;
			};
			name = Debug;
		};
		0D997539261FE39E0094F289 /* Release */ = {
			isa = XCBuildConfiguration;
			buildSettings = {
				ASSETCATALOG_COMPILER_COMPLICATION_NAME = Complication;
				CODE_SIGN_STYLE = Automatic;
				DEVELOPMENT_ASSET_PATHS = "\"ATPWatch Extension/Preview Content\"";
				DEVELOPMENT_TEAM = QEN9HFF463;
				ENABLE_PREVIEWS = YES;
				INFOPLIST_FILE = "ATPWatch Extension/Info.plist";
				LD_RUNPATH_SEARCH_PATHS = (
					"$(inherited)",
					"@executable_path/Frameworks",
					"@executable_path/../../Frameworks",
				);
				PRODUCT_BUNDLE_IDENTIFIER = com.rgross.AllThePlates.watchkitapp.watchkitextension;
				PRODUCT_NAME = "${TARGET_NAME}";
				SDKROOT = watchos;
				SKIP_INSTALL = YES;
				SWIFT_VERSION = 5.0;
				TARGETED_DEVICE_FAMILY = 4;
				WATCHOS_DEPLOYMENT_TARGET = 7.2;
			};
			name = Release;
		};
		0DD7D02C25EC3B460049D6FC /* Debug */ = {
			isa = XCBuildConfiguration;
			buildSettings = {
				ALWAYS_SEARCH_USER_PATHS = NO;
				CLANG_ANALYZER_NONNULL = YES;
				CLANG_ANALYZER_NUMBER_OBJECT_CONVERSION = YES_AGGRESSIVE;
				CLANG_CXX_LANGUAGE_STANDARD = "gnu++14";
				CLANG_CXX_LIBRARY = "libc++";
				CLANG_ENABLE_MODULES = YES;
				CLANG_ENABLE_OBJC_ARC = YES;
				CLANG_ENABLE_OBJC_WEAK = YES;
				CLANG_WARN_BLOCK_CAPTURE_AUTORELEASING = YES;
				CLANG_WARN_BOOL_CONVERSION = YES;
				CLANG_WARN_COMMA = YES;
				CLANG_WARN_CONSTANT_CONVERSION = YES;
				CLANG_WARN_DEPRECATED_OBJC_IMPLEMENTATIONS = YES;
				CLANG_WARN_DIRECT_OBJC_ISA_USAGE = YES_ERROR;
				CLANG_WARN_DOCUMENTATION_COMMENTS = YES;
				CLANG_WARN_EMPTY_BODY = YES;
				CLANG_WARN_ENUM_CONVERSION = YES;
				CLANG_WARN_INFINITE_RECURSION = YES;
				CLANG_WARN_INT_CONVERSION = YES;
				CLANG_WARN_NON_LITERAL_NULL_CONVERSION = YES;
				CLANG_WARN_OBJC_IMPLICIT_RETAIN_SELF = YES;
				CLANG_WARN_OBJC_LITERAL_CONVERSION = YES;
				CLANG_WARN_OBJC_ROOT_CLASS = YES_ERROR;
				CLANG_WARN_QUOTED_INCLUDE_IN_FRAMEWORK_HEADER = YES;
				CLANG_WARN_RANGE_LOOP_ANALYSIS = YES;
				CLANG_WARN_STRICT_PROTOTYPES = YES;
				CLANG_WARN_SUSPICIOUS_MOVE = YES;
				CLANG_WARN_UNGUARDED_AVAILABILITY = YES_AGGRESSIVE;
				CLANG_WARN_UNREACHABLE_CODE = YES;
				CLANG_WARN__DUPLICATE_METHOD_MATCH = YES;
				COPY_PHASE_STRIP = NO;
				DEBUG_INFORMATION_FORMAT = dwarf;
				ENABLE_STRICT_OBJC_MSGSEND = YES;
				ENABLE_TESTABILITY = YES;
				GCC_C_LANGUAGE_STANDARD = gnu11;
				GCC_DYNAMIC_NO_PIC = NO;
				GCC_NO_COMMON_BLOCKS = YES;
				GCC_OPTIMIZATION_LEVEL = 0;
				GCC_PREPROCESSOR_DEFINITIONS = (
					"DEBUG=1",
					"$(inherited)",
				);
				GCC_WARN_64_TO_32_BIT_CONVERSION = YES;
				GCC_WARN_ABOUT_RETURN_TYPE = YES_ERROR;
				GCC_WARN_UNDECLARED_SELECTOR = YES;
				GCC_WARN_UNINITIALIZED_AUTOS = YES_AGGRESSIVE;
				GCC_WARN_UNUSED_FUNCTION = YES;
				GCC_WARN_UNUSED_VARIABLE = YES;
				IPHONEOS_DEPLOYMENT_TARGET = 14.4;
				MTL_ENABLE_DEBUG_INFO = INCLUDE_SOURCE;
				MTL_FAST_MATH = YES;
				ONLY_ACTIVE_ARCH = YES;
				SDKROOT = iphoneos;
				SWIFT_ACTIVE_COMPILATION_CONDITIONS = DEBUG;
				SWIFT_OPTIMIZATION_LEVEL = "-Onone";
			};
			name = Debug;
		};
		0DD7D02D25EC3B460049D6FC /* Release */ = {
			isa = XCBuildConfiguration;
			buildSettings = {
				ALWAYS_SEARCH_USER_PATHS = NO;
				CLANG_ANALYZER_NONNULL = YES;
				CLANG_ANALYZER_NUMBER_OBJECT_CONVERSION = YES_AGGRESSIVE;
				CLANG_CXX_LANGUAGE_STANDARD = "gnu++14";
				CLANG_CXX_LIBRARY = "libc++";
				CLANG_ENABLE_MODULES = YES;
				CLANG_ENABLE_OBJC_ARC = YES;
				CLANG_ENABLE_OBJC_WEAK = YES;
				CLANG_WARN_BLOCK_CAPTURE_AUTORELEASING = YES;
				CLANG_WARN_BOOL_CONVERSION = YES;
				CLANG_WARN_COMMA = YES;
				CLANG_WARN_CONSTANT_CONVERSION = YES;
				CLANG_WARN_DEPRECATED_OBJC_IMPLEMENTATIONS = YES;
				CLANG_WARN_DIRECT_OBJC_ISA_USAGE = YES_ERROR;
				CLANG_WARN_DOCUMENTATION_COMMENTS = YES;
				CLANG_WARN_EMPTY_BODY = YES;
				CLANG_WARN_ENUM_CONVERSION = YES;
				CLANG_WARN_INFINITE_RECURSION = YES;
				CLANG_WARN_INT_CONVERSION = YES;
				CLANG_WARN_NON_LITERAL_NULL_CONVERSION = YES;
				CLANG_WARN_OBJC_IMPLICIT_RETAIN_SELF = YES;
				CLANG_WARN_OBJC_LITERAL_CONVERSION = YES;
				CLANG_WARN_OBJC_ROOT_CLASS = YES_ERROR;
				CLANG_WARN_QUOTED_INCLUDE_IN_FRAMEWORK_HEADER = YES;
				CLANG_WARN_RANGE_LOOP_ANALYSIS = YES;
				CLANG_WARN_STRICT_PROTOTYPES = YES;
				CLANG_WARN_SUSPICIOUS_MOVE = YES;
				CLANG_WARN_UNGUARDED_AVAILABILITY = YES_AGGRESSIVE;
				CLANG_WARN_UNREACHABLE_CODE = YES;
				CLANG_WARN__DUPLICATE_METHOD_MATCH = YES;
				COPY_PHASE_STRIP = NO;
				DEBUG_INFORMATION_FORMAT = "dwarf-with-dsym";
				ENABLE_NS_ASSERTIONS = NO;
				ENABLE_STRICT_OBJC_MSGSEND = YES;
				GCC_C_LANGUAGE_STANDARD = gnu11;
				GCC_NO_COMMON_BLOCKS = YES;
				GCC_WARN_64_TO_32_BIT_CONVERSION = YES;
				GCC_WARN_ABOUT_RETURN_TYPE = YES_ERROR;
				GCC_WARN_UNDECLARED_SELECTOR = YES;
				GCC_WARN_UNINITIALIZED_AUTOS = YES_AGGRESSIVE;
				GCC_WARN_UNUSED_FUNCTION = YES;
				GCC_WARN_UNUSED_VARIABLE = YES;
				IPHONEOS_DEPLOYMENT_TARGET = 14.4;
				MTL_ENABLE_DEBUG_INFO = NO;
				MTL_FAST_MATH = YES;
				SDKROOT = iphoneos;
				SWIFT_COMPILATION_MODE = wholemodule;
				SWIFT_OPTIMIZATION_LEVEL = "-O";
				VALIDATE_PRODUCT = YES;
			};
			name = Release;
		};
		0DD7D02F25EC3B460049D6FC /* Debug */ = {
			isa = XCBuildConfiguration;
			buildSettings = {
				ASSETCATALOG_COMPILER_APPICON_NAME = AppIcon;
				ASSETCATALOG_COMPILER_GLOBAL_ACCENT_COLOR_NAME = AccentColor;
				CODE_SIGN_STYLE = Automatic;
				DEVELOPMENT_ASSET_PATHS = "\"AllThePlates/Preview Content\"";
				DEVELOPMENT_TEAM = QEN9HFF463;
				ENABLE_PREVIEWS = YES;
				INFOPLIST_FILE = AllThePlates/Info.plist;
				IPHONEOS_DEPLOYMENT_TARGET = 14.0;
				LD_RUNPATH_SEARCH_PATHS = (
					"$(inherited)",
					"@executable_path/Frameworks",
				);
				PRODUCT_BUNDLE_IDENTIFIER = com.rgross.AllThePlates;
				PRODUCT_NAME = "$(TARGET_NAME)";
				SWIFT_VERSION = 5.0;
				TARGETED_DEVICE_FAMILY = "1,2";
			};
			name = Debug;
		};
		0DD7D03025EC3B460049D6FC /* Release */ = {
			isa = XCBuildConfiguration;
			buildSettings = {
				ASSETCATALOG_COMPILER_APPICON_NAME = AppIcon;
				ASSETCATALOG_COMPILER_GLOBAL_ACCENT_COLOR_NAME = AccentColor;
				CODE_SIGN_STYLE = Automatic;
				DEVELOPMENT_ASSET_PATHS = "\"AllThePlates/Preview Content\"";
				DEVELOPMENT_TEAM = QEN9HFF463;
				ENABLE_PREVIEWS = YES;
				INFOPLIST_FILE = AllThePlates/Info.plist;
				IPHONEOS_DEPLOYMENT_TARGET = 14.0;
				LD_RUNPATH_SEARCH_PATHS = (
					"$(inherited)",
					"@executable_path/Frameworks",
				);
				PRODUCT_BUNDLE_IDENTIFIER = com.rgross.AllThePlates;
				PRODUCT_NAME = "$(TARGET_NAME)";
				SWIFT_VERSION = 5.0;
				TARGETED_DEVICE_FAMILY = "1,2";
			};
			name = Release;
		};
		0DD7D03225EC3B460049D6FC /* Debug */ = {
			isa = XCBuildConfiguration;
			buildSettings = {
				ALWAYS_EMBED_SWIFT_STANDARD_LIBRARIES = YES;
				BUNDLE_LOADER = "$(TEST_HOST)";
				CODE_SIGN_STYLE = Automatic;
				DEVELOPMENT_TEAM = QEN9HFF463;
				INFOPLIST_FILE = AllThePlatesTests/Info.plist;
				IPHONEOS_DEPLOYMENT_TARGET = 14.0;
				LD_RUNPATH_SEARCH_PATHS = (
					"$(inherited)",
					"@executable_path/Frameworks",
					"@loader_path/Frameworks",
				);
				PRODUCT_BUNDLE_IDENTIFIER = com.rgross.AllThePlatesTests;
				PRODUCT_NAME = "$(TARGET_NAME)";
				SWIFT_VERSION = 5.0;
				TARGETED_DEVICE_FAMILY = "1,2";
				TEST_HOST = "$(BUILT_PRODUCTS_DIR)/AllThePlates.app/AllThePlates";
			};
			name = Debug;
		};
		0DD7D03325EC3B460049D6FC /* Release */ = {
			isa = XCBuildConfiguration;
			buildSettings = {
				ALWAYS_EMBED_SWIFT_STANDARD_LIBRARIES = YES;
				BUNDLE_LOADER = "$(TEST_HOST)";
				CODE_SIGN_STYLE = Automatic;
				DEVELOPMENT_TEAM = QEN9HFF463;
				INFOPLIST_FILE = AllThePlatesTests/Info.plist;
				IPHONEOS_DEPLOYMENT_TARGET = 14.0;
				LD_RUNPATH_SEARCH_PATHS = (
					"$(inherited)",
					"@executable_path/Frameworks",
					"@loader_path/Frameworks",
				);
				PRODUCT_BUNDLE_IDENTIFIER = com.rgross.AllThePlatesTests;
				PRODUCT_NAME = "$(TARGET_NAME)";
				SWIFT_VERSION = 5.0;
				TARGETED_DEVICE_FAMILY = "1,2";
				TEST_HOST = "$(BUILT_PRODUCTS_DIR)/AllThePlates.app/AllThePlates";
			};
			name = Release;
		};
		0DD7D03525EC3B460049D6FC /* Debug */ = {
			isa = XCBuildConfiguration;
			buildSettings = {
				ALWAYS_EMBED_SWIFT_STANDARD_LIBRARIES = YES;
				CODE_SIGN_STYLE = Automatic;
				DEVELOPMENT_TEAM = QEN9HFF463;
				INFOPLIST_FILE = AllThePlatesUITests/Info.plist;
				LD_RUNPATH_SEARCH_PATHS = (
					"$(inherited)",
					"@executable_path/Frameworks",
					"@loader_path/Frameworks",
				);
				PRODUCT_BUNDLE_IDENTIFIER = com.rgross.AllThePlatesUITests;
				PRODUCT_NAME = "$(TARGET_NAME)";
				SWIFT_VERSION = 5.0;
				TARGETED_DEVICE_FAMILY = "1,2";
				TEST_TARGET_NAME = AllThePlates;
			};
			name = Debug;
		};
		0DD7D03625EC3B460049D6FC /* Release */ = {
			isa = XCBuildConfiguration;
			buildSettings = {
				ALWAYS_EMBED_SWIFT_STANDARD_LIBRARIES = YES;
				CODE_SIGN_STYLE = Automatic;
				DEVELOPMENT_TEAM = QEN9HFF463;
				INFOPLIST_FILE = AllThePlatesUITests/Info.plist;
				LD_RUNPATH_SEARCH_PATHS = (
					"$(inherited)",
					"@executable_path/Frameworks",
					"@loader_path/Frameworks",
				);
				PRODUCT_BUNDLE_IDENTIFIER = com.rgross.AllThePlatesUITests;
				PRODUCT_NAME = "$(TARGET_NAME)";
				SWIFT_VERSION = 5.0;
				TARGETED_DEVICE_FAMILY = "1,2";
				TEST_TARGET_NAME = AllThePlates;
			};
			name = Release;
		};
/* End XCBuildConfiguration section */

/* Begin XCConfigurationList section */
		0D99753A261FE39E0094F289 /* Build configuration list for PBXNativeTarget "ATPWatch Extension" */ = {
			isa = XCConfigurationList;
			buildConfigurations = (
				0D997538261FE39E0094F289 /* Debug */,
				0D997539261FE39E0094F289 /* Release */,
			);
			defaultConfigurationIsVisible = 0;
			defaultConfigurationName = Release;
		};
		0D99753B261FE39E0094F289 /* Build configuration list for PBXNativeTarget "ATPWatch" */ = {
			isa = XCConfigurationList;
			buildConfigurations = (
				0D997535261FE39E0094F289 /* Debug */,
				0D997536261FE39E0094F289 /* Release */,
			);
			defaultConfigurationIsVisible = 0;
			defaultConfigurationName = Release;
		};
		0DD7D00425EC3B440049D6FC /* Build configuration list for PBXProject "AllThePlates" */ = {
			isa = XCConfigurationList;
			buildConfigurations = (
				0DD7D02C25EC3B460049D6FC /* Debug */,
				0DD7D02D25EC3B460049D6FC /* Release */,
			);
			defaultConfigurationIsVisible = 0;
			defaultConfigurationName = Release;
		};
		0DD7D02E25EC3B460049D6FC /* Build configuration list for PBXNativeTarget "AllThePlates" */ = {
			isa = XCConfigurationList;
			buildConfigurations = (
				0DD7D02F25EC3B460049D6FC /* Debug */,
				0DD7D03025EC3B460049D6FC /* Release */,
			);
			defaultConfigurationIsVisible = 0;
			defaultConfigurationName = Release;
		};
		0DD7D03125EC3B460049D6FC /* Build configuration list for PBXNativeTarget "AllThePlatesTests" */ = {
			isa = XCConfigurationList;
			buildConfigurations = (
				0DD7D03225EC3B460049D6FC /* Debug */,
				0DD7D03325EC3B460049D6FC /* Release */,
			);
			defaultConfigurationIsVisible = 0;
			defaultConfigurationName = Release;
		};
		0DD7D03425EC3B460049D6FC /* Build configuration list for PBXNativeTarget "AllThePlatesUITests" */ = {
			isa = XCConfigurationList;
			buildConfigurations = (
				0DD7D03525EC3B460049D6FC /* Debug */,
				0DD7D03625EC3B460049D6FC /* Release */,
			);
			defaultConfigurationIsVisible = 0;
			defaultConfigurationName = Release;
		};
/* End XCConfigurationList section */
	};
	rootObject = 0DD7D00125EC3B440049D6FC /* Project object */;
}
